
Microsoft Visual Studio Solution File, Format Version 12.00
# Visual Studio Version 17
VisualStudioVersion = 17.1.32328.378
MinimumVisualStudioVersion = 10.0.40219.1
Project("{FAE04EC0-301F-11D3-BF4B-00C04F79EFBC}") = "Random Name Generator", "Random Name Generator.csproj", "{D73CFBA5-8D6F-4AD2-AAC5-E91B1E431E01}"
EndProject
Global
	GlobalSection(SolutionConfigurationPlatforms) = preSolution
		Debug|Any CPU = Debug|Any CPU
		Release|Any CPU = Release|Any CPU
	EndGlobalSection
	GlobalSection(ProjectConfigurationPlatforms) = postSolution
		{D73CFBA5-8D6F-4AD2-AAC5-E91B1E431E01}.Debug|Any CPU.ActiveCfg = Debug|Any CPU
		{D73CFBA5-8D6F-4AD2-AAC5-E91B1E431E01}.Debug|Any CPU.Build.0 = Debug|Any CPU
		{D73CFBA5-8D6F-4AD2-AAC5-E91B1E431E01}.Release|Any CPU.ActiveCfg = Release|Any CPU
		{D73CFBA5-8D6F-4AD2-AAC5-E91B1E431E01}.Release|Any CPU.Build.0 = Release|Any CPU
	EndGlobalSection
	GlobalSection(SolutionProperties) = preSolution
		HideSolutionNode = FALSE
	EndGlobalSection
	GlobalSection(ExtensibilityGlobals) = postSolution
		SolutionGuid = {1F94BA1E-E3DB-4A52-8256-4442ADF16584}
	EndGlobalSection
EndGlobal
